
Microsoft Visual Studio Solution File, Format Version 12.00
# Visual Studio Version 17
VisualStudioVersion = 17.4.33122.133
MinimumVisualStudioVersion = 10.0.40219.1
Project("{FAE04EC0-301F-11D3-BF4B-00C04F79EFBC}") = "Web.API.Demo", "Web.API.Demo\Web.API.Demo.csproj", "{C02E91E8-8B01-48AB-9FBC-361AFDC35CF3}"
EndProject
Global
	GlobalSection(SolutionConfigurationPlatforms) = preSolution
		Debug|Any CPU = Debug|Any CPU
		Release|Any CPU = Release|Any CPU
	EndGlobalSection
	GlobalSection(ProjectConfigurationPlatforms) = postSolution
		{C02E91E8-8B01-48AB-9FBC-361AFDC35CF3}.Debug|Any CPU.ActiveCfg = Debug|Any CPU
		{C02E91E8-8B01-48AB-9FBC-361AFDC35CF3}.Debug|Any CPU.Build.0 = Debug|Any CPU
		{C02E91E8-8B01-48AB-9FBC-361AFDC35CF3}.Release|Any CPU.ActiveCfg = Release|Any CPU
		{C02E91E8-8B01-48AB-9FBC-361AFDC35CF3}.Release|Any CPU.Build.0 = Release|Any CPU
	EndGlobalSection
	GlobalSection(SolutionProperties) = preSolution
		HideSolutionNode = FALSE
	EndGlobalSection
	GlobalSection(ExtensibilityGlobals) = postSolution
		SolutionGuid = {671034EF-A21D-43BE-88F0-E50E19CE3B09}
	EndGlobalSection
EndGlobal
